
Microsoft Visual Studio Solution File, Format Version 12.00
# Visual Studio Version 16
VisualStudioVersion = 16.0.32002.261
MinimumVisualStudioVersion = 10.0.40219.1
Project("{FAE04EC0-301F-11D3-BF4B-00C04F79EFBC}") = "YShopSolution", "YShopSolution\YShopSolution.csproj", "{37DBA905-4429-4180-952E-2D162B3A2401}"
EndProject
Global
	GlobalSection(SolutionConfigurationPlatforms) = preSolution
		Debug|Any CPU = Debug|Any CPU
		Release|Any CPU = Release|Any CPU
	EndGlobalSection
	GlobalSection(ProjectConfigurationPlatforms) = postSolution
		{37DBA905-4429-4180-952E-2D162B3A2401}.Debug|Any CPU.ActiveCfg = Debug|Any CPU
		{37DBA905-4429-4180-952E-2D162B3A2401}.Debug|Any CPU.Build.0 = Debug|Any CPU
		{37DBA905-4429-4180-952E-2D162B3A2401}.Release|Any CPU.ActiveCfg = Release|Any CPU
		{37DBA905-4429-4180-952E-2D162B3A2401}.Release|Any CPU.Build.0 = Release|Any CPU
	EndGlobalSection
	GlobalSection(SolutionProperties) = preSolution
		HideSolutionNode = FALSE
	EndGlobalSection
	GlobalSection(ExtensibilityGlobals) = postSolution
		SolutionGuid = {1AFAD840-B669-461F-8018-20408394EA20}
	EndGlobalSection
EndGlobal
